
Microsoft Visual Studio Solution File, Format Version 12.00
Project("{FAE04EC0-301F-11D3-BF4B-00C04F79EFBC}") = "CfXray", "CfXray\CfXray.csproj", "{29D4C448-81B2-47E6-B107-F400FA95F0A3}"
EndProject
Global
	GlobalSection(SolutionConfigurationPlatforms) = preSolution
		Debug|Any CPU = Debug|Any CPU
		Release|Any CPU = Release|Any CPU
	EndGlobalSection
	GlobalSection(ProjectConfigurationPlatforms) = postSolution
		{29D4C448-81B2-47E6-B107-F400FA95F0A3}.Debug|Any CPU.ActiveCfg = Debug|Any CPU
		{29D4C448-81B2-47E6-B107-F400FA95F0A3}.Debug|Any CPU.Build.0 = Debug|Any CPU
		{29D4C448-81B2-47E6-B107-F400FA95F0A3}.Release|Any CPU.ActiveCfg = Release|Any CPU
		{29D4C448-81B2-47E6-B107-F400FA95F0A3}.Release|Any CPU.Build.0 = Release|Any CPU
	EndGlobalSection
EndGlobal
